
Microsoft Visual Studio Solution File, Format Version 12.00
# Visual Studio for Mac
Project("{FAE04EC0-301F-11D3-BF4B-00C04F79EFBC}") = "Assembly-CSharp", "Assembly-CSharp.csproj", "{FCA4D0E2-F536-3772-4949-0614D09DD3FB}"
EndProject
Global
	GlobalSection(SolutionConfigurationPlatforms) = preSolution
		Debug|Any CPU = Debug|Any CPU
		Release|Any CPU = Release|Any CPU
	EndGlobalSection
	GlobalSection(ProjectConfigurationPlatforms) = postSolution
		{FCA4D0E2-F536-3772-4949-0614D09DD3FB}.Debug|Any CPU.ActiveCfg = Debug|Any CPU
		{FCA4D0E2-F536-3772-4949-0614D09DD3FB}.Debug|Any CPU.Build.0 = Debug|Any CPU
		{FCA4D0E2-F536-3772-4949-0614D09DD3FB}.Release|Any CPU.ActiveCfg = Release|Any CPU
		{FCA4D0E2-F536-3772-4949-0614D09DD3FB}.Release|Any CPU.Build.0 = Release|Any CPU
	EndGlobalSection
	GlobalSection(SolutionProperties) = preSolution
		HideSolutionNode = FALSE
	EndGlobalSection
EndGlobal
